
Microsoft Visual Studio Solution File, Format Version 12.00
# Visual Studio Version 17
VisualStudioVersion = 17.0.31903.59
MinimumVisualStudioVersion = 10.0.40219.1
Project("{2150E333-8FDC-42A3-9474-1A3956D46DE8}") = "src", "src", "{827E0CD3-B72D-47B6-A68D-7590B98EB39B}"
EndProject
Project("{FAE04EC0-301F-11D3-BF4B-00C04F79EFBC}") = "InterviewScheduler.Core", "src\InterviewScheduler.Core\InterviewScheduler.Core.csproj", "{A224681C-6268-4145-A2E4-EB95249B8513}"
EndProject
Project("{FAE04EC0-301F-11D3-BF4B-00C04F79EFBC}") = "InterviewScheduler.Infrastructure", "src\InterviewScheduler.Infrastructure\InterviewScheduler.Infrastructure.csproj", "{557DBE5E-6F92-408C-96EB-F570F9B56C58}"
EndProject
Project("{FAE04EC0-301F-11D3-BF4B-00C04F79EFBC}") = "InterviewScheduler.Shared", "src\InterviewScheduler.Shared\InterviewScheduler.Shared.csproj", "{4695E15F-EC84-43E8-A10F-5EF88E96337A}"
EndProject
Project("{FAE04EC0-301F-11D3-BF4B-00C04F79EFBC}") = "InterviewScheduler.Web", "src\InterviewScheduler.Web\InterviewScheduler.Web.csproj", "{7EF71BC8-55C1-4D22-9B25-5B998BC48422}"
EndProject
Project("{FAE04EC0-301F-11D3-BF4B-00C04F79EFBC}") = "InterviewScheduler.Server", "src\InterviewScheduler.Server\InterviewScheduler.Server.csproj", "{0D971025-408F-42E1-812D-582B4C121D34}"
EndProject
Global
	GlobalSection(SolutionConfigurationPlatforms) = preSolution
		Debug|Any CPU = Debug|Any CPU
		Debug|x64 = Debug|x64
		Debug|x86 = Debug|x86
		Release|Any CPU = Release|Any CPU
		Release|x64 = Release|x64
		Release|x86 = Release|x86
	EndGlobalSection
	GlobalSection(ProjectConfigurationPlatforms) = postSolution
		{A224681C-6268-4145-A2E4-EB95249B8513}.Debug|Any CPU.ActiveCfg = Debug|Any CPU
		{A224681C-6268-4145-A2E4-EB95249B8513}.Debug|Any CPU.Build.0 = Debug|Any CPU
		{A224681C-6268-4145-A2E4-EB95249B8513}.Debug|x64.ActiveCfg = Debug|Any CPU
		{A224681C-6268-4145-A2E4-EB95249B8513}.Debug|x64.Build.0 = Debug|Any CPU
		{A224681C-6268-4145-A2E4-EB95249B8513}.Debug|x86.ActiveCfg = Debug|Any CPU
		{A224681C-6268-4145-A2E4-EB95249B8513}.Debug|x86.Build.0 = Debug|Any CPU
		{A224681C-6268-4145-A2E4-EB95249B8513}.Release|Any CPU.ActiveCfg = Release|Any CPU
		{A224681C-6268-4145-A2E4-EB95249B8513}.Release|Any CPU.Build.0 = Release|Any CPU
		{A224681C-6268-4145-A2E4-EB95249B8513}.Release|x64.ActiveCfg = Release|Any CPU
		{A224681C-6268-4145-A2E4-EB95249B8513}.Release|x64.Build.0 = Release|Any CPU
		{A224681C-6268-4145-A2E4-EB95249B8513}.Release|x86.ActiveCfg = Release|Any CPU
		{A224681C-6268-4145-A2E4-EB95249B8513}.Release|x86.Build.0 = Release|Any CPU
		{557DBE5E-6F92-408C-96EB-F570F9B56C58}.Debug|Any CPU.ActiveCfg = Debug|Any CPU
		{557DBE5E-6F92-408C-96EB-F570F9B56C58}.Debug|Any CPU.Build.0 = Debug|Any CPU
		{557DBE5E-6F92-408C-96EB-F570F9B56C58}.Debug|x64.ActiveCfg = Debug|Any CPU
		{557DBE5E-6F92-408C-96EB-F570F9B56C58}.Debug|x64.Build.0 = Debug|Any CPU
		{557DBE5E-6F92-408C-96EB-F570F9B56C58}.Debug|x86.ActiveCfg = Debug|Any CPU
		{557DBE5E-6F92-408C-96EB-F570F9B56C58}.Debug|x86.Build.0 = Debug|Any CPU
		{557DBE5E-6F92-408C-96EB-F570F9B56C58}.Release|Any CPU.ActiveCfg = Release|Any CPU
		{557DBE5E-6F92-408C-96EB-F570F9B56C58}.Release|Any CPU.Build.0 = Release|Any CPU
		{557DBE5E-6F92-408C-96EB-F570F9B56C58}.Release|x64.ActiveCfg = Release|Any CPU
		{557DBE5E-6F92-408C-96EB-F570F9B56C58}.Release|x64.Build.0 = Release|Any CPU
		{557DBE5E-6F92-408C-96EB-F570F9B56C58}.Release|x86.ActiveCfg = Release|Any CPU
		{557DBE5E-6F92-408C-96EB-F570F9B56C58}.Release|x86.Build.0 = Release|Any CPU
		{4695E15F-EC84-43E8-A10F-5EF88E96337A}.Debug|Any CPU.ActiveCfg = Debug|Any CPU
		{4695E15F-EC84-43E8-A10F-5EF88E96337A}.Debug|Any CPU.Build.0 = Debug|Any CPU
		{4695E15F-EC84-43E8-A10F-5EF88E96337A}.Debug|x64.ActiveCfg = Debug|Any CPU
		{4695E15F-EC84-43E8-A10F-5EF88E96337A}.Debug|x64.Build.0 = Debug|Any CPU
		{4695E15F-EC84-43E8-A10F-5EF88E96337A}.Debug|x86.ActiveCfg = Debug|Any CPU
		{4695E15F-EC84-43E8-A10F-5EF88E96337A}.Debug|x86.Build.0 = Debug|Any CPU
		{4695E15F-EC84-43E8-A10F-5EF88E96337A}.Release|Any CPU.ActiveCfg = Release|Any CPU
		{4695E15F-EC84-43E8-A10F-5EF88E96337A}.Release|Any CPU.Build.0 = Release|Any CPU
		{4695E15F-EC84-43E8-A10F-5EF88E96337A}.Release|x64.ActiveCfg = Release|Any CPU
		{4695E15F-EC84-43E8-A10F-5EF88E96337A}.Release|x64.Build.0 = Release|Any CPU
		{4695E15F-EC84-43E8-A10F-5EF88E96337A}.Release|x86.ActiveCfg = Release|Any CPU
		{4695E15F-EC84-43E8-A10F-5EF88E96337A}.Release|x86.Build.0 = Release|Any CPU
		{7EF71BC8-55C1-4D22-9B25-5B998BC48422}.Debug|Any CPU.ActiveCfg = Debug|Any CPU
		{7EF71BC8-55C1-4D22-9B25-5B998BC48422}.Debug|Any CPU.Build.0 = Debug|Any CPU
		{7EF71BC8-55C1-4D22-9B25-5B998BC48422}.Debug|x64.ActiveCfg = Debug|Any CPU
		{7EF71BC8-55C1-4D22-9B25-5B998BC48422}.Debug|x64.Build.0 = Debug|Any CPU
		{7EF71BC8-55C1-4D22-9B25-5B998BC48422}.Debug|x86.ActiveCfg = Debug|Any CPU
		{7EF71BC8-55C1-4D22-9B25-5B998BC48422}.Debug|x86.Build.0 = Debug|Any CPU
		{7EF71BC8-55C1-4D22-9B25-5B998BC48422}.Release|Any CPU.ActiveCfg = Release|Any CPU
		{7EF71BC8-55C1-4D22-9B25-5B998BC48422}.Release|Any CPU.Build.0 = Release|Any CPU
		{7EF71BC8-55C1-4D22-9B25-5B998BC48422}.Release|x64.ActiveCfg = Release|Any CPU
		{7EF71BC8-55C1-4D22-9B25-5B998BC48422}.Release|x64.Build.0 = Release|Any CPU
		{7EF71BC8-55C1-4D22-9B25-5B998BC48422}.Release|x86.ActiveCfg = Release|Any CPU
		{7EF71BC8-55C1-4D22-9B25-5B998BC48422}.Release|x86.Build.0 = Release|Any CPU
		{0D971025-408F-42E1-812D-582B4C121D34}.Debug|Any CPU.ActiveCfg = Debug|Any CPU
		{0D971025-408F-42E1-812D-582B4C121D34}.Debug|Any CPU.Build.0 = Debug|Any CPU
		{0D971025-408F-42E1-812D-582B4C121D34}.Debug|x64.ActiveCfg = Debug|Any CPU
		{0D971025-408F-42E1-812D-582B4C121D34}.Debug|x64.Build.0 = Debug|Any CPU
		{0D971025-408F-42E1-812D-582B4C121D34}.Debug|x86.ActiveCfg = Debug|Any CPU
		{0D971025-408F-42E1-812D-582B4C121D34}.Debug|x86.Build.0 = Debug|Any CPU
		{0D971025-408F-42E1-812D-582B4C121D34}.Release|Any CPU.ActiveCfg = Release|Any CPU
		{0D971025-408F-42E1-812D-582B4C121D34}.Release|Any CPU.Build.0 = Release|Any CPU
		{0D971025-408F-42E1-812D-582B4C121D34}.Release|x64.ActiveCfg = Release|Any CPU
		{0D971025-408F-42E1-812D-582B4C121D34}.Release|x64.Build.0 = Release|Any CPU
		{0D971025-408F-42E1-812D-582B4C121D34}.Release|x86.ActiveCfg = Release|Any CPU
		{0D971025-408F-42E1-812D-582B4C121D34}.Release|x86.Build.0 = Release|Any CPU
	EndGlobalSection
	GlobalSection(SolutionProperties) = preSolution
		HideSolutionNode = FALSE
	EndGlobalSection
	GlobalSection(NestedProjects) = preSolution
		{A224681C-6268-4145-A2E4-EB95249B8513} = {827E0CD3-B72D-47B6-A68D-7590B98EB39B}
		{557DBE5E-6F92-408C-96EB-F570F9B56C58} = {827E0CD3-B72D-47B6-A68D-7590B98EB39B}
		{4695E15F-EC84-43E8-A10F-5EF88E96337A} = {827E0CD3-B72D-47B6-A68D-7590B98EB39B}
		{7EF71BC8-55C1-4D22-9B25-5B998BC48422} = {827E0CD3-B72D-47B6-A68D-7590B98EB39B}
		{0D971025-408F-42E1-812D-582B4C121D34} = {827E0CD3-B72D-47B6-A68D-7590B98EB39B}
	EndGlobalSection
EndGlobal
